PODS:
  - amap_location (0.0.1):
    - AMapLocation
    - Flutter
  - AMapFoundation (1.6.5.1)
  - AMapLocation (2.6.7):
    - AMapFoundation (~> 1.6.4)
  - audioplayers (0.0.1):
    - Flutter
  - camera (0.0.1):
    - Flutter
  - connectivity (0.0.1):
    - Flutter
    - Reachability
  - device_info (0.0.1):
    - Flutter
  - Flutter (1.0.0)
  - flutter_inappwebview (0.0.1):
    - Flutter
  - flutter_orientation (0.0.1):
    - Flutter
  - fluwx_no_pay (0.0.1):
    - Flutter
  - home_indicator (0.0.1):
    - Flutter
  - images_picker (0.0.1):
    - Flutter
    - ZLPhotoBrowser (= 4.0.7)
  - mob (0.0.1):
    - Flutter
    - mob_secverify
    - mob_smssdk
  - mob_secverify (3.0.4):
    - MOBFoundation
  - mob_smssdk (3.3.1):
    - MOBFoundation
  - MOBFoundation (3.2.24)
  - move_to_background (0.0.1):
    - Flutter
  - native_pdf_renderer (1.1.0):
    - Flutter
  - path_provider (0.0.1):
    - Flutter
  - "permission_handler (5.0.1+1)":
    - Flutter
  - push (0.0.1):
    - Flutter
  - Reachability (3.2)
  - scan (0.0.1):
    - Flutter
  - shared_preferences (0.0.1):
    - Flutter
  - statusbar_util (1.0.0):
    - Flutter
  - url_launcher (0.0.1):
    - Flutter
  - video_player (0.0.1):
    - Flutter
  - ZLPhotoBrowser (4.0.7):
    - ZLPhotoBrowser/Core (= 4.0.7)
  - ZLPhotoBrowser/Core (4.0.7)

DEPENDENCIES:
  - amap_location (from `.symlinks/plugins/amap_location/ios`)
  - audioplayers (from `.symlinks/plugins/audioplayers/ios`)
  - camera (from `.symlinks/plugins/camera/ios`)
  - connectivity (from `.symlinks/plugins/connectivity/ios`)
  - device_info (from `.symlinks/plugins/device_info/ios`)
  - Flutter (from `Flutter`)
  - flutter_inappwebview (from `.symlinks/plugins/flutter_inappwebview/ios`)
  - flutter_orientation (from `.symlinks/plugins/flutter_orientation/ios`)
  - fluwx_no_pay (from `.symlinks/plugins/fluwx_no_pay/ios`)
  - home_indicator (from `.symlinks/plugins/home_indicator/ios`)
  - images_picker (from `.symlinks/plugins/images_picker/ios`)
  - mob (from `.symlinks/plugins/mob/ios`)
  - move_to_background (from `.symlinks/plugins/move_to_background/ios`)
  - native_pdf_renderer (from `.symlinks/plugins/native_pdf_renderer/ios`)
  - path_provider (from `.symlinks/plugins/path_provider/ios`)
  - permission_handler (from `.symlinks/plugins/permission_handler/ios`)
  - push (from `.symlinks/plugins/push/ios`)
  - scan (from `.symlinks/plugins/scan/ios`)
  - shared_preferences (from `.symlinks/plugins/shared_preferences/ios`)
  - statusbar_util (from `.symlinks/plugins/statusbar_util/ios`)
  - url_launcher (from `.symlinks/plugins/url_launcher/ios`)
  - video_player (from `.symlinks/plugins/video_player/ios`)

SPEC REPOS:
  trunk:
    - AMapFoundation
    - AMapLocation
    - mob_secverify
    - mob_smssdk
    - MOBFoundation
    - Reachability
    - ZLPhotoBrowser

EXTERNAL SOURCES:
  amap_location:
    :path: ".symlinks/plugins/amap_location/ios"
  audioplayers:
    :path: ".symlinks/plugins/audioplayers/ios"
  camera:
    :path: ".symlinks/plugins/camera/ios"
  connectivity:
    :path: ".symlinks/plugins/connectivity/ios"
  device_info:
    :path: ".symlinks/plugins/device_info/ios"
  Flutter:
    :path: Flutter
  flutter_inappwebview:
    :path: ".symlinks/plugins/flutter_inappwebview/ios"
  flutter_orientation:
    :path: ".symlinks/plugins/flutter_orientation/ios"
  fluwx_no_pay:
    :path: ".symlinks/plugins/fluwx_no_pay/ios"
  home_indicator:
    :path: ".symlinks/plugins/home_indicator/ios"
  images_picker:
    :path: ".symlinks/plugins/images_picker/ios"
  mob:
    :path: ".symlinks/plugins/mob/ios"
  move_to_background:
    :path: ".symlinks/plugins/move_to_background/ios"
  native_pdf_renderer:
    :path: ".symlinks/plugins/native_pdf_renderer/ios"
  path_provider:
    :path: ".symlinks/plugins/path_provider/ios"
  permission_handler:
    :path: ".symlinks/plugins/permission_handler/ios"
  push:
    :path: ".symlinks/plugins/push/ios"
  scan:
    :path: ".symlinks/plugins/scan/ios"
  shared_preferences:
    :path: ".symlinks/plugins/shared_preferences/ios"
  statusbar_util:
    :path: ".symlinks/plugins/statusbar_util/ios"
  url_launcher:
    :path: ".symlinks/plugins/url_launcher/ios"
  video_player:
    :path: ".symlinks/plugins/video_player/ios"

SPEC CHECKSUMS:
  amap_location: a3e2a140bb25950d4e97560ce1b00e53a121e4f4
  AMapFoundation: b67560a6f21aab81c8c12f84616b55a3833b6253
  AMapLocation: a46c30d9930d0f3a3bd21139d8f845d10ac3f01d
  audioplayers: 455322b54050b30ea4b1af7cd9e9d105f74efa8c
  camera: a0ca5080336f7af47b88436e5e26da3dee5568f0
  connectivity: c4130b2985d4ef6fd26f9702e886bd5260681467
  device_info: d7d233b645a32c40dfdc212de5cf646ca482f175
  Flutter: 0e3d915762c693b495b44d77113d4970485de6ec
  flutter_inappwebview: 69dfbac46157b336ffbec19ca6dfd4638c7bf189
  flutter_orientation: 4fcb34769db97f3fdc294851d0786e563b2b9286
  fluwx_no_pay: 3003d5187cfd3c98712838f465960f4742b05999
  home_indicator: 60c6a4b60d17173cd164c112eb9be37055b23af8
  images_picker: 5166ad88297acad3b6bb2b64924da8ad029f2174
  mob: f667ce9dc54cae94e33522f8f99d973b20d3bb01
  mob_secverify: 10a3532d6f1b50162f9e15c42d9456ebb8c73de0
  mob_smssdk: 5a4ea1a132ba9c883af1a469c49d2ceede592fef
  MOBFoundation: 934ee1a43aed452d51942b416bc3dc4d0813ac82
  move_to_background: 39a5b79b26d577b0372cbe8a8c55e7aa9fcd3a2d
  native_pdf_renderer: 3e81ffe3d40668cce75694596201bb9fb0fdb6e9
  path_provider: abfe2b5c733d04e238b0d8691db0cfd63a27a93c
  permission_handler: eac8e15b4a1a3fba55b761d19f3f4e6b005d15b6
  push: a02f9d91cfd1aa02ea7702a7a8e373b2d35d3306
  Reachability: 33e18b67625424e47b6cde6d202dce689ad7af96
  scan: aea35bb4aa59ccc8839c576a18cd57c7d492cc86
  shared_preferences: af6bfa751691cdc24be3045c43ec037377ada40d
  statusbar_util: 1069d2ddcdf165f9d3422fcabc7dd7530f64f553
  url_launcher: 6fef411d543ceb26efce54b05a0a40bfd74cbbef
  video_player: 9cc823b1d9da7e8427ee591e8438bfbcde500e6e
  ZLPhotoBrowser: f85662753ea4cfebff08b3512b17467467634fb2

PODFILE CHECKSUM: fe0e1ee7f3d1f7d00b11b474b62dd62134535aea

COCOAPODS: 1.10.0.rc.1
