PODS:
  - amap_location (0.0.1):
    - AMapLocation
    - Flutter
  - AMapFoundation (1.6.4)
  - AMapLocation (2.6.7):
    - AMapFoundation (~> 1.6.4)
  - audioplayers (0.0.1):
    - Flutter
  - camera (0.0.1):
    - Flutter
  - connectivity (0.0.1):
    - Flutter
    - Reachability
  - device_info (0.0.1):
    - Flutter
  - Flutter (1.0.0)
  - flutter_inappwebview (0.0.1):
    - Flutter
  - flutter_orientation (0.0.1):
    - Flutter
  - HappyDNS (0.3.17)
  - home_indicator (0.0.1):
    - Flutter
  - images_picker (0.0.1):
    - Flutter
    - ZLPhotoBrowser (= 4.0.7)
  - mob_login (0.0.1):
    - Flutter
    - mob_secverify
  - mob_secverify (2.1.2):
    - MOBFoundation
  - MOBFoundation (3.2.19)
  - move_to_background (0.0.1):
    - Flutter
  - native_pdf_renderer (1.0.0):
    - Flutter
  - path_provider (0.0.1):
    - Flutter
  - "permission_handler (5.0.1+1)":
    - Flutter
  - push (0.0.1):
    - Flutter
  - Qiniu (8.0.3):
    - HappyDNS (~> 0.3.17)
  - qiniu_manager (1.0.0):
    - Flutter
    - Qiniu
  - Reachability (3.2)
  - scan (0.0.1):
    - Flutter
  - shared_preferences (0.0.1):
    - Flutter
  - statusbar_util (1.0.0):
    - Flutter
  - url_launcher (0.0.1):
    - Flutter
  - video_player (0.0.1):
    - Flutter
  - ZLPhotoBrowser (4.0.7):
    - ZLPhotoBrowser/Core (= 4.0.7)
  - ZLPhotoBrowser/Core (4.0.7)

DEPENDENCIES:
  - amap_location (from `.symlinks/plugins/amap_location/ios`)
  - audioplayers (from `.symlinks/plugins/audioplayers/ios`)
  - camera (from `.symlinks/plugins/camera/ios`)
  - connectivity (from `.symlinks/plugins/connectivity/ios`)
  - device_info (from `.symlinks/plugins/device_info/ios`)
  - Flutter (from `Flutter`)
  - flutter_inappwebview (from `.symlinks/plugins/flutter_inappwebview/ios`)
  - flutter_orientation (from `.symlinks/plugins/flutter_orientation/ios`)
  - home_indicator (from `.symlinks/plugins/home_indicator/ios`)
  - images_picker (from `.symlinks/plugins/images_picker/ios`)
  - mob_login (from `.symlinks/plugins/mob_login/ios`)
  - move_to_background (from `.symlinks/plugins/move_to_background/ios`)
  - native_pdf_renderer (from `.symlinks/plugins/native_pdf_renderer/ios`)
  - path_provider (from `.symlinks/plugins/path_provider/ios`)
  - permission_handler (from `.symlinks/plugins/permission_handler/ios`)
  - push (from `.symlinks/plugins/push/ios`)
  - qiniu_manager (from `.symlinks/plugins/qiniu_manager/ios`)
  - scan (from `.symlinks/plugins/scan/ios`)
  - shared_preferences (from `.symlinks/plugins/shared_preferences/ios`)
  - statusbar_util (from `.symlinks/plugins/statusbar_util/ios`)
  - url_launcher (from `.symlinks/plugins/url_launcher/ios`)
  - video_player (from `.symlinks/plugins/video_player/ios`)

SPEC REPOS:
  trunk:
    - AMapFoundation
    - AMapLocation
    - HappyDNS
    - mob_secverify
    - MOBFoundation
    - Qiniu
    - Reachability
    - ZLPhotoBrowser

EXTERNAL SOURCES:
  amap_location:
    :path: ".symlinks/plugins/amap_location/ios"
  audioplayers:
    :path: ".symlinks/plugins/audioplayers/ios"
  camera:
    :path: ".symlinks/plugins/camera/ios"
  connectivity:
    :path: ".symlinks/plugins/connectivity/ios"
  device_info:
    :path: ".symlinks/plugins/device_info/ios"
  Flutter:
    :path: Flutter
  flutter_inappwebview:
    :path: ".symlinks/plugins/flutter_inappwebview/ios"
  flutter_orientation:
    :path: ".symlinks/plugins/flutter_orientation/ios"
  home_indicator:
    :path: ".symlinks/plugins/home_indicator/ios"
  images_picker:
    :path: ".symlinks/plugins/images_picker/ios"
  mob_login:
    :path: ".symlinks/plugins/mob_login/ios"
  move_to_background:
    :path: ".symlinks/plugins/move_to_background/ios"
  native_pdf_renderer:
    :path: ".symlinks/plugins/native_pdf_renderer/ios"
  path_provider:
    :path: ".symlinks/plugins/path_provider/ios"
  permission_handler:
    :path: ".symlinks/plugins/permission_handler/ios"
  push:
    :path: ".symlinks/plugins/push/ios"
  qiniu_manager:
    :path: ".symlinks/plugins/qiniu_manager/ios"
  scan:
    :path: ".symlinks/plugins/scan/ios"
  shared_preferences:
    :path: ".symlinks/plugins/shared_preferences/ios"
  statusbar_util:
    :path: ".symlinks/plugins/statusbar_util/ios"
  url_launcher:
    :path: ".symlinks/plugins/url_launcher/ios"
  video_player:
    :path: ".symlinks/plugins/video_player/ios"

SPEC CHECKSUMS:
  amap_location: a3e2a140bb25950d4e97560ce1b00e53a121e4f4
  AMapFoundation: 3638198dfa40be54648570c3520edefad288286b
  AMapLocation: a46c30d9930d0f3a3bd21139d8f845d10ac3f01d
  audioplayers: 53f0f30789b10ab2009771c6c79def00980945e4
  camera: a0ca5080336f7af47b88436e5e26da3dee5568f0
  connectivity: c4130b2985d4ef6fd26f9702e886bd5260681467
  device_info: d7d233b645a32c40dfdc212de5cf646ca482f175
  Flutter: 0e3d915762c693b495b44d77113d4970485de6ec
  flutter_inappwebview: 69dfbac46157b336ffbec19ca6dfd4638c7bf189
  flutter_orientation: 4fcb34769db97f3fdc294851d0786e563b2b9286
  HappyDNS: 848ef73e24f2b0e2752064223ce2dc0dd88900ea
  home_indicator: 60c6a4b60d17173cd164c112eb9be37055b23af8
  images_picker: 5166ad88297acad3b6bb2b64924da8ad029f2174
  mob_login: ca6293d4a6432920a082ff272227982bee4cc82f
  mob_secverify: a95881f60619fc38d516b73c9aeef58298f65917
  MOBFoundation: 606bc4c10ff4c6ac573c09f5081a39c75316bc7b
  move_to_background: 39a5b79b26d577b0372cbe8a8c55e7aa9fcd3a2d
  native_pdf_renderer: fa374da660730abe059e7a178e79895dd202f007
  path_provider: abfe2b5c733d04e238b0d8691db0cfd63a27a93c
  permission_handler: eac8e15b4a1a3fba55b761d19f3f4e6b005d15b6
  push: a02f9d91cfd1aa02ea7702a7a8e373b2d35d3306
  Qiniu: bc936fe7224188d74d4e93353bddc08936ea0780
  qiniu_manager: b2f7e4b7de5f40001e4d9f18cf4f45f2c4816510
  Reachability: 33e18b67625424e47b6cde6d202dce689ad7af96
  scan: aea35bb4aa59ccc8839c576a18cd57c7d492cc86
  shared_preferences: af6bfa751691cdc24be3045c43ec037377ada40d
  statusbar_util: 1069d2ddcdf165f9d3422fcabc7dd7530f64f553
  url_launcher: 6fef411d543ceb26efce54b05a0a40bfd74cbbef
  video_player: 9cc823b1d9da7e8427ee591e8438bfbcde500e6e
  ZLPhotoBrowser: f85662753ea4cfebff08b3512b17467467634fb2

PODFILE CHECKSUM: fe0e1ee7f3d1f7d00b11b474b62dd62134535aea

COCOAPODS: 1.10.0.rc.1
